// !$*UTF8*$!
{
	archiveVersion = 1;
	classes = {
	};
	objectVersion = 56;
	objects = {

/* Begin PBXBuildFile section */
		1D2F23A12BC2C7020023FA2A /* AppDelegate.swift in Sources */ = {isa = PBXBuildFile; fileRef = 1D2F23A02BC2C7020023FA2A /* AppDelegate.swift */; };
		1D2F23A32BC2C7020023FA2A /* SceneDelegate.swift in Sources */ = {isa = PBXBuildFile; fileRef = 1D2F23A22BC2C7020023FA2A /* SceneDelegate.swift */; };
		1D2F23A82BC2C7020023FA2A /* Base in Resources */ = {isa = PBXBuildFile; fileRef = 1D2F23A72BC2C7020023FA2A /* Base */; };
		1D2F23AA2BC2C7040023FA2A /* Assets.xcassets in Resources */ = {isa = PBXBuildFile; fileRef = 1D2F23A92BC2C7040023FA2A /* Assets.xcassets */; };
		1D2F23AD2BC2C7040023FA2A /* Base in Resources */ = {isa = PBXBuildFile; fileRef = 1D2F23AC2BC2C7040023FA2A /* Base */; };
		1D2F23B62BC2C77F0023FA2A /* AuthManager.swift in Sources */ = {isa = PBXBuildFile; fileRef = 1D2F23B52BC2C77F0023FA2A /* AuthManager.swift */; };
		1D2F23B82BC2C7EE0023FA2A /* APICaller.swift in Sources */ = {isa = PBXBuildFile; fileRef = 1D2F23B72BC2C7EE0023FA2A /* APICaller.swift */; };
		1D2F23BC2BC2C8450023FA2A /* SearchSection.swift in Sources */ = {isa = PBXBuildFile; fileRef = 1D2F23BB2BC2C8450023FA2A /* SearchSection.swift */; };
		1D2F23BE2BC2C8580023FA2A /* SearchResult.swift in Sources */ = {isa = PBXBuildFile; fileRef = 1D2F23BD2BC2C8580023FA2A /* SearchResult.swift */; };
		1D2F23C02BC2C86E0023FA2A /* SearchAlbumResponses.swift in Sources */ = {isa = PBXBuildFile; fileRef = 1D2F23BF2BC2C86E0023FA2A /* SearchAlbumResponses.swift */; };
		1D2F23C32BC2C89C0023FA2A /* AudioTrack.swift in Sources */ = {isa = PBXBuildFile; fileRef = 1D2F23C22BC2C89C0023FA2A /* AudioTrack.swift */; };
		1D2F23C62BC2C8D70023FA2A /* Artist.swift in Sources */ = {isa = PBXBuildFile; fileRef = 1D2F23C52BC2C8D70023FA2A /* Artist.swift */; };
		1D2F23C92BC2C9280023FA2A /* Album.swift in Sources */ = {isa = PBXBuildFile; fileRef = 1D2F23C82BC2C9280023FA2A /* Album.swift */; };
		1D2F23CC2BC2C9620023FA2A /* AuthResponses.swift in Sources */ = {isa = PBXBuildFile; fileRef = 1D2F23CB2BC2C9620023FA2A /* AuthResponses.swift */; };
		1D2F23CE2BC2C97F0023FA2A /* APIImage.swift in Sources */ = {isa = PBXBuildFile; fileRef = 1D2F23CD2BC2C97F0023FA2A /* APIImage.swift */; };
		1D2F23D02BC2C9BD0023FA2A /* SearchResultResponses.swift in Sources */ = {isa = PBXBuildFile; fileRef = 1D2F23CF2BC2C9BD0023FA2A /* SearchResultResponses.swift */; };
		1D50F5182BC3B43400B9B72D /* LoginViewController.swift in Sources */ = {isa = PBXBuildFile; fileRef = 1D50F5172BC3B43400B9B72D /* LoginViewController.swift */; };
		1D50F51A2BC3B46D00B9B72D /* HomeViewController.swift in Sources */ = {isa = PBXBuildFile; fileRef = 1D50F5192BC3B46D00B9B72D /* HomeViewController.swift */; };
		1D50F51C2BC3B4E000B9B72D /* TabBarController.swift in Sources */ = {isa = PBXBuildFile; fileRef = 1D50F51B2BC3B4E000B9B72D /* TabBarController.swift */; };
		1D50F51E2BC3C67500B9B72D /* AuthViewController.swift in Sources */ = {isa = PBXBuildFile; fileRef = 1D50F51D2BC3C67500B9B72D /* AuthViewController.swift */; };
		1D50F5212BC3EB9E00B9B72D /* PaddedTextField.swift in Sources */ = {isa = PBXBuildFile; fileRef = 1D50F5202BC3EB9E00B9B72D /* PaddedTextField.swift */; };
		1D50F5252BC3EC3A00B9B72D /* SongsTableViewCell.swift in Sources */ = {isa = PBXBuildFile; fileRef = 1D50F5232BC3EC3A00B9B72D /* SongsTableViewCell.swift */; };
		1D50F5262BC3EC3A00B9B72D /* SongsTableViewCell.xib in Resources */ = {isa = PBXBuildFile; fileRef = 1D50F5242BC3EC3A00B9B72D /* SongsTableViewCell.xib */; };
		1D76DF272BCC31B300C055D2 /* SearchTableViewCell.swift in Sources */ = {isa = PBXBuildFile; fileRef = 1D76DF252BCC31B300C055D2 /* SearchTableViewCell.swift */; };
		1D76DF282BCC31B300C055D2 /* SearchTableViewCell.xib in Resources */ = {isa = PBXBuildFile; fileRef = 1D76DF262BCC31B300C055D2 /* SearchTableViewCell.xib */; };
		1D779B062BC50B230000852F /* AudioViewController.swift in Sources */ = {isa = PBXBuildFile; fileRef = 1D779B052BC50B230000852F /* AudioViewController.swift */; };
		1DF69DB82BCACE8F00084FD0 /* artists_songs.csv in Resources */ = {isa = PBXBuildFile; fileRef = 1DF69DB72BCACE8F00084FD0 /* artists_songs.csv */; };
		1DF69DBA2BCACEFA00084FD0 /* CSVFetcher.swift in Sources */ = {isa = PBXBuildFile; fileRef = 1DF69DB92BCACEFA00084FD0 /* CSVFetcher.swift */; };
		1DF6EFAB2BCA660C0042B6B6 /* SongViewController.swift in Sources */ = {isa = PBXBuildFile; fileRef = 1DF6EFAA2BCA660C0042B6B6 /* SongViewController.swift */; };
		1DF6EFAD2BCA7A350042B6B6 /* SongPresentationController.swift in Sources */ = {isa = PBXBuildFile; fileRef = 1DF6EFAC2BCA7A350042B6B6 /* SongPresentationController.swift */; };
		1DF6EFAF2BCA7A730042B6B6 /* SongTransitionAnimator.swift in Sources */ = {isa = PBXBuildFile; fileRef = 1DF6EFAE2BCA7A730042B6B6 /* SongTransitionAnimator.swift */; };
		1DF6EFB12BCA7C1F0042B6B6 /* DissmissAnimator.swift in Sources */ = {isa = PBXBuildFile; fileRef = 1DF6EFB02BCA7C1F0042B6B6 /* DissmissAnimator.swift */; };
/* End PBXBuildFile section */

/* Begin PBXFileReference section */
		1D2F239D2BC2C7020023FA2A /* StudentLedSpotify.app */ = {isa = PBXFileReference; explicitFileType = wrapper.application; includeInIndex = 0; path = StudentLedSpotify.app; sourceTree = BUILT_PRODUCTS_DIR; };
		1D2F23A02BC2C7020023FA2A /* AppDelegate.swift */ = {isa = PBXFileReference; lastKnownFileType = sourcecode.swift; path = AppDelegate.swift; sourceTree = "<group>"; };
		1D2F23A22BC2C7020023FA2A /* SceneDelegate.swift */ = {isa = PBXFileReference; lastKnownFileType = sourcecode.swift; path = SceneDelegate.swift; sourceTree = "<group>"; };
		1D2F23A72BC2C7020023FA2A /* Base */ = {isa = PBXFileReference; lastKnownFileType = file.storyboard; name = Base; path = Base.lproj/Main.storyboard; sourceTree = "<group>"; };
		1D2F23A92BC2C7040023FA2A /* Assets.xcassets */ = {isa = PBXFileReference; lastKnownFileType = folder.assetcatalog; path = Assets.xcassets; sourceTree = "<group>"; };
		1D2F23AC2BC2C7040023FA2A /* Base */ = {isa = PBXFileReference; lastKnownFileType = file.storyboard; name = Base; path = Base.lproj/LaunchScreen.storyboard; sourceTree = "<group>"; };
		1D2F23AE2BC2C7040023FA2A /* Info.plist */ = {isa = PBXFileReference; lastKnownFileType = text.plist.xml; path = Info.plist; sourceTree = "<group>"; };
		1D2F23B52BC2C77F0023FA2A /* AuthManager.swift */ = {isa = PBXFileReference; lastKnownFileType = sourcecode.swift; path = AuthManager.swift; sourceTree = "<group>"; };
		1D2F23B72BC2C7EE0023FA2A /* APICaller.swift */ = {isa = PBXFileReference; lastKnownFileType = sourcecode.swift; path = APICaller.swift; sourceTree = "<group>"; };
		1D2F23BB2BC2C8450023FA2A /* SearchSection.swift */ = {isa = PBXFileReference; lastKnownFileType = sourcecode.swift; path = SearchSection.swift; sourceTree = "<group>"; };
		1D2F23BD2BC2C8580023FA2A /* SearchResult.swift */ = {isa = PBXFileReference; lastKnownFileType = sourcecode.swift; path = SearchResult.swift; sourceTree = "<group>"; };
		1D2F23BF2BC2C86E0023FA2A /* SearchAlbumResponses.swift */ = {isa = PBXFileReference; lastKnownFileType = sourcecode.swift; path = SearchAlbumResponses.swift; sourceTree = "<group>"; };
		1D2F23C22BC2C89C0023FA2A /* AudioTrack.swift */ = {isa = PBXFileReference; lastKnownFileType = sourcecode.swift; path = AudioTrack.swift; sourceTree = "<group>"; };
		1D2F23C52BC2C8D70023FA2A /* Artist.swift */ = {isa = PBXFileReference; lastKnownFileType = sourcecode.swift; path = Artist.swift; sourceTree = "<group>"; };
		1D2F23C82BC2C9280023FA2A /* Album.swift */ = {isa = PBXFileReference; lastKnownFileType = sourcecode.swift; path = Album.swift; sourceTree = "<group>"; };
		1D2F23CB2BC2C9620023FA2A /* AuthResponses.swift */ = {isa = PBXFileReference; lastKnownFileType = sourcecode.swift; path = AuthResponses.swift; sourceTree = "<group>"; };
		1D2F23CD2BC2C97F0023FA2A /* APIImage.swift */ = {isa = PBXFileReference; lastKnownFileType = sourcecode.swift; path = APIImage.swift; sourceTree = "<group>"; };
		1D2F23CF2BC2C9BD0023FA2A /* SearchResultResponses.swift */ = {isa = PBXFileReference; lastKnownFileType = sourcecode.swift; path = SearchResultResponses.swift; sourceTree = "<group>"; };
		1D50F5172BC3B43400B9B72D /* LoginViewController.swift */ = {isa = PBXFileReference; lastKnownFileType = sourcecode.swift; path = LoginViewController.swift; sourceTree = "<group>"; };
		1D50F5192BC3B46D00B9B72D /* HomeViewController.swift */ = {isa = PBXFileReference; lastKnownFileType = sourcecode.swift; path = HomeViewController.swift; sourceTree = "<group>"; };
		1D50F51B2BC3B4E000B9B72D /* TabBarController.swift */ = {isa = PBXFileReference; lastKnownFileType = sourcecode.swift; path = TabBarController.swift; sourceTree = "<group>"; };
		1D50F51D2BC3C67500B9B72D /* AuthViewController.swift */ = {isa = PBXFileReference; lastKnownFileType = sourcecode.swift; path = AuthViewController.swift; sourceTree = "<group>"; };
		1D50F5202BC3EB9E00B9B72D /* PaddedTextField.swift */ = {isa = PBXFileReference; lastKnownFileType = sourcecode.swift; path = PaddedTextField.swift; sourceTree = "<group>"; };
		1D50F5232BC3EC3A00B9B72D /* SongsTableViewCell.swift */ = {isa = PBXFileReference; lastKnownFileType = sourcecode.swift; path = SongsTableViewCell.swift; sourceTree = "<group>"; };
		1D50F5242BC3EC3A00B9B72D /* SongsTableViewCell.xib */ = {isa = PBXFileReference; lastKnownFileType = file.xib; path = SongsTableViewCell.xib; sourceTree = "<group>"; };
		1D76DF252BCC31B300C055D2 /* SearchTableViewCell.swift */ = {isa = PBXFileReference; lastKnownFileType = sourcecode.swift; path = SearchTableViewCell.swift; sourceTree = "<group>"; };
		1D76DF262BCC31B300C055D2 /* SearchTableViewCell.xib */ = {isa = PBXFileReference; lastKnownFileType = file.xib; path = SearchTableViewCell.xib; sourceTree = "<group>"; };
		1D779B052BC50B230000852F /* AudioViewController.swift */ = {isa = PBXFileReference; lastKnownFileType = sourcecode.swift; path = AudioViewController.swift; sourceTree = "<group>"; };
		1DF69DB72BCACE8F00084FD0 /* artists_songs.csv */ = {isa = PBXFileReference; fileEncoding = 4; lastKnownFileType = text; path = artists_songs.csv; sourceTree = "<group>"; };
		1DF69DB92BCACEFA00084FD0 /* CSVFetcher.swift */ = {isa = PBXFileReference; lastKnownFileType = sourcecode.swift; path = CSVFetcher.swift; sourceTree = "<group>"; };
		1DF6EFAA2BCA660C0042B6B6 /* SongViewController.swift */ = {isa = PBXFileReference; lastKnownFileType = sourcecode.swift; path = SongViewController.swift; sourceTree = "<group>"; };
		1DF6EFAC2BCA7A350042B6B6 /* SongPresentationController.swift */ = {isa = PBXFileReference; lastKnownFileType = sourcecode.swift; path = SongPresentationController.swift; sourceTree = "<group>"; };
		1DF6EFAE2BCA7A730042B6B6 /* SongTransitionAnimator.swift */ = {isa = PBXFileReference; lastKnownFileType = sourcecode.swift; path = SongTransitionAnimator.swift; sourceTree = "<group>"; };
		1DF6EFB02BCA7C1F0042B6B6 /* DissmissAnimator.swift */ = {isa = PBXFileReference; lastKnownFileType = sourcecode.swift; path = DissmissAnimator.swift; sourceTree = "<group>"; };
/* End PBXFileReference section */

/* Begin PBXFrameworksBuildPhase section */
		1D2F239A2BC2C7020023FA2A /* Frameworks */ = {
			isa = PBXFrameworksBuildPhase;
			buildActionMask = 2147483647;
			files = (
			);
			runOnlyForDeploymentPostprocessing = 0;
		};
/* End PBXFrameworksBuildPhase section */

/* Begin PBXGroup section */
		1D2F23942BC2C7020023FA2A = {
			isa = PBXGroup;
			children = (
				1D2F239F2BC2C7020023FA2A /* StudentLedSpotify */,
				1D2F239E2BC2C7020023FA2A /* Products */,
			);
			sourceTree = "<group>";
		};
		1D2F239E2BC2C7020023FA2A /* Products */ = {
			isa = PBXGroup;
			children = (
				1D2F239D2BC2C7020023FA2A /* StudentLedSpotify.app */,
			);
			name = Products;
			sourceTree = "<group>";
		};
		1D2F239F2BC2C7020023FA2A /* StudentLedSpotify */ = {
			isa = PBXGroup;
			children = (
				1DF69DB42BCACD3600084FD0 /* JSON */,
				1D2F23A02BC2C7020023FA2A /* AppDelegate.swift */,
				1D2F23A22BC2C7020023FA2A /* SceneDelegate.swift */,
				1D2F23A62BC2C7020023FA2A /* Main.storyboard */,
				1D2F23B92BC2C8310023FA2A /* Models */,
				1D2F23B42BC2C7290023FA2A /* Managers */,
				1D50F5162BC3B22000B9B72D /* Controllers */,
				1D50F5222BC3EC1D00B9B72D /* Cells */,
				1D50F51F2BC3EB9000B9B72D /* Customs */,
				1D2F23A92BC2C7040023FA2A /* Assets.xcassets */,
				1D2F23AB2BC2C7040023FA2A /* LaunchScreen.storyboard */,
				1D2F23AE2BC2C7040023FA2A /* Info.plist */,
			);
			path = StudentLedSpotify;
			sourceTree = "<group>";
		};
		1D2F23B42BC2C7290023FA2A /* Managers */ = {
			isa = PBXGroup;
			children = (
				1D2F23B52BC2C77F0023FA2A /* AuthManager.swift */,
				1D2F23B72BC2C7EE0023FA2A /* APICaller.swift */,
				1DF69DB92BCACEFA00084FD0 /* CSVFetcher.swift */,
			);
			path = Managers;
			sourceTree = "<group>";
		};
		1D2F23B92BC2C8310023FA2A /* Models */ = {
			isa = PBXGroup;
			children = (
				1D2F23CA2BC2C9510023FA2A /* User */,
				1D2F23C72BC2C91C0023FA2A /* Album */,
				1D2F23C42BC2C8CC0023FA2A /* Artist */,
				1D2F23C12BC2C8900023FA2A /* Track */,
				1D2F23BA2BC2C8360023FA2A /* SearchModels */,
			);
			path = Models;
			sourceTree = "<group>";
		};
		1D2F23BA2BC2C8360023FA2A /* SearchModels */ = {
			isa = PBXGroup;
			children = (
				1D2F23BB2BC2C8450023FA2A /* SearchSection.swift */,
				1D2F23BD2BC2C8580023FA2A /* SearchResult.swift */,
				1D2F23CF2BC2C9BD0023FA2A /* SearchResultResponses.swift */,
				1D2F23BF2BC2C86E0023FA2A /* SearchAlbumResponses.swift */,
			);
			path = SearchModels;
			sourceTree = "<group>";
		};
		1D2F23C12BC2C8900023FA2A /* Track */ = {
			isa = PBXGroup;
			children = (
				1D2F23C22BC2C89C0023FA2A /* AudioTrack.swift */,
			);
			path = Track;
			sourceTree = "<group>";
		};
		1D2F23C42BC2C8CC0023FA2A /* Artist */ = {
			isa = PBXGroup;
			children = (
				1D2F23C52BC2C8D70023FA2A /* Artist.swift */,
			);
			path = Artist;
			sourceTree = "<group>";
		};
		1D2F23C72BC2C91C0023FA2A /* Album */ = {
			isa = PBXGroup;
			children = (
				1D2F23C82BC2C9280023FA2A /* Album.swift */,
			);
			path = Album;
			sourceTree = "<group>";
		};
		1D2F23CA2BC2C9510023FA2A /* User */ = {
			isa = PBXGroup;
			children = (
				1D2F23CB2BC2C9620023FA2A /* AuthResponses.swift */,
				1D2F23CD2BC2C97F0023FA2A /* APIImage.swift */,
			);
			path = User;
			sourceTree = "<group>";
		};
		1D50F5162BC3B22000B9B72D /* Controllers */ = {
			isa = PBXGroup;
			children = (
				1D50F5172BC3B43400B9B72D /* LoginViewController.swift */,
				1D50F51D2BC3C67500B9B72D /* AuthViewController.swift */,
				1D50F5192BC3B46D00B9B72D /* HomeViewController.swift */,
				1DF6EFAA2BCA660C0042B6B6 /* SongViewController.swift */,
				1D779B052BC50B230000852F /* AudioViewController.swift */,
				1D50F51B2BC3B4E000B9B72D /* TabBarController.swift */,
			);
			path = Controllers;
			sourceTree = "<group>";
		};
		1D50F51F2BC3EB9000B9B72D /* Customs */ = {
			isa = PBXGroup;
			children = (
				1D50F5202BC3EB9E00B9B72D /* PaddedTextField.swift */,
				1DF6EFAC2BCA7A350042B6B6 /* SongPresentationController.swift */,
				1DF6EFAE2BCA7A730042B6B6 /* SongTransitionAnimator.swift */,
				1DF6EFB02BCA7C1F0042B6B6 /* DissmissAnimator.swift */,
			);
			path = Customs;
			sourceTree = "<group>";
		};
		1D50F5222BC3EC1D00B9B72D /* Cells */ = {
			isa = PBXGroup;
			children = (
				1D50F5232BC3EC3A00B9B72D /* SongsTableViewCell.swift */,
				1D50F5242BC3EC3A00B9B72D /* SongsTableViewCell.xib */,
				1D76DF252BCC31B300C055D2 /* SearchTableViewCell.swift */,
				1D76DF262BCC31B300C055D2 /* SearchTableViewCell.xib */,
			);
			path = Cells;
			sourceTree = "<group>";
		};
		1DF69DB42BCACD3600084FD0 /* JSON */ = {
			isa = PBXGroup;
			children = (
				1DF69DB72BCACE8F00084FD0 /* artists_songs.csv */,
			);
			path = JSON;
			sourceTree = "<group>";
		};
/* End PBXGroup section */

/* Begin PBXNativeTarget section */
		1D2F239C2BC2C7020023FA2A /* StudentLedSpotify */ = {
			isa = PBXNativeTarget;
			buildConfigurationList = 1D2F23B12BC2C7040023FA2A /* Build configuration list for PBXNativeTarget "StudentLedSpotify" */;
			buildPhases = (
				1D2F23992BC2C7020023FA2A /* Sources */,
				1D2F239A2BC2C7020023FA2A /* Frameworks */,
				1D2F239B2BC2C7020023FA2A /* Resources */,
			);
			buildRules = (
			);
			dependencies = (
			);
			name = StudentLedSpotify;
			productName = StudentLedSpotify;
			productReference = 1D2F239D2BC2C7020023FA2A /* StudentLedSpotify.app */;
			productType = "com.apple.product-type.application";
		};
/* End PBXNativeTarget section */

/* Begin PBXProject section */
		1D2F23952BC2C7020023FA2A /* Project object */ = {
			isa = PBXProject;
			attributes = {
				BuildIndependentTargetsInParallel = 1;
				LastSwiftUpdateCheck = 1530;
				LastUpgradeCheck = 1530;
				TargetAttributes = {
					1D2F239C2BC2C7020023FA2A = {
						CreatedOnToolsVersion = 15.3;
					};
				};
			};
			buildConfigurationList = 1D2F23982BC2C7020023FA2A /* Build configuration list for PBXProject "StudentLedSpotify" */;
			compatibilityVersion = "Xcode 14.0";
			developmentRegion = en;
			hasScannedForEncodings = 0;
			knownRegions = (
				en,
				Base,
			);
			mainGroup = 1D2F23942BC2C7020023FA2A;
			productRefGroup = 1D2F239E2BC2C7020023FA2A /* Products */;
			projectDirPath = "";
			projectRoot = "";
			targets = (
				1D2F239C2BC2C7020023FA2A /* StudentLedSpotify */,
			);
		};
/* End PBXProject section */

/* Begin PBXResourcesBuildPhase section */
		1D2F239B2BC2C7020023FA2A /* Resources */ = {
			isa = PBXResourcesBuildPhase;
			buildActionMask = 2147483647;
			files = (
				1D2F23AA2BC2C7040023FA2A /* Assets.xcassets in Resources */,
				1D50F5262BC3EC3A00B9B72D /* SongsTableViewCell.xib in Resources */,
				1D2F23AD2BC2C7040023FA2A /* Base in Resources */,
				1D2F23A82BC2C7020023FA2A /* Base in Resources */,
				1DF69DB82BCACE8F00084FD0 /* artists_songs.csv in Resources */,
				1D76DF282BCC31B300C055D2 /* SearchTableViewCell.xib in Resources */,
			);
			runOnlyForDeploymentPostprocessing = 0;
		};
/* End PBXResourcesBuildPhase section */

/* Begin PBXSourcesBuildPhase section */
		1D2F23992BC2C7020023FA2A /* Sources */ = {
			isa = PBXSourcesBuildPhase;
			buildActionMask = 2147483647;
			files = (
				1D50F5182BC3B43400B9B72D /* LoginViewController.swift in Sources */,
				1D50F5212BC3EB9E00B9B72D /* PaddedTextField.swift in Sources */,
				1D50F51C2BC3B4E000B9B72D /* TabBarController.swift in Sources */,
				1D2F23BE2BC2C8580023FA2A /* SearchResult.swift in Sources */,
				1D2F23CC2BC2C9620023FA2A /* AuthResponses.swift in Sources */,
				1D2F23B62BC2C77F0023FA2A /* AuthManager.swift in Sources */,
				1DF6EFAD2BCA7A350042B6B6 /* SongPresentationController.swift in Sources */,
				1DF69DBA2BCACEFA00084FD0 /* CSVFetcher.swift in Sources */,
				1DF6EFAB2BCA660C0042B6B6 /* SongViewController.swift in Sources */,
				1D2F23A12BC2C7020023FA2A /* AppDelegate.swift in Sources */,
				1D50F51A2BC3B46D00B9B72D /* HomeViewController.swift in Sources */,
				1D2F23CE2BC2C97F0023FA2A /* APIImage.swift in Sources */,
				1D779B062BC50B230000852F /* AudioViewController.swift in Sources */,
				1D2F23B82BC2C7EE0023FA2A /* APICaller.swift in Sources */,
				1D50F5252BC3EC3A00B9B72D /* SongsTableViewCell.swift in Sources */,
				1D50F51E2BC3C67500B9B72D /* AuthViewController.swift in Sources */,
				1D2F23A32BC2C7020023FA2A /* SceneDelegate.swift in Sources */,
				1D2F23C02BC2C86E0023FA2A /* SearchAlbumResponses.swift in Sources */,
				1D2F23BC2BC2C8450023FA2A /* SearchSection.swift in Sources */,
				1D2F23C92BC2C9280023FA2A /* Album.swift in Sources */,
				1DF6EFB12BCA7C1F0042B6B6 /* DissmissAnimator.swift in Sources */,
				1D76DF272BCC31B300C055D2 /* SearchTableViewCell.swift in Sources */,
				1D2F23C62BC2C8D70023FA2A /* Artist.swift in Sources */,
				1D2F23C32BC2C89C0023FA2A /* AudioTrack.swift in Sources */,
				1DF6EFAF2BCA7A730042B6B6 /* SongTransitionAnimator.swift in Sources */,
				1D2F23D02BC2C9BD0023FA2A /* SearchResultResponses.swift in Sources */,
			);
			runOnlyForDeploymentPostprocessing = 0;
		};
/* End PBXSourcesBuildPhase section */

/* Begin PBXVariantGroup section */
		1D2F23A62BC2C7020023FA2A /* Main.storyboard */ = {
			isa = PBXVariantGroup;
			children = (
				1D2F23A72BC2C7020023FA2A /* Base */,
			);
			name = Main.storyboard;
			sourceTree = "<group>";
		};
		1D2F23AB2BC2C7040023FA2A /* LaunchScreen.storyboard */ = {
			isa = PBXVariantGroup;
			children = (
				1D2F23AC2BC2C7040023FA2A /* Base */,
			);
			name = LaunchScreen.storyboard;
			sourceTree = "<group>";
		};
/* End PBXVariantGroup section */

/* Begin XCBuildConfiguration section */
		1D2F23AF2BC2C7040023FA2A /* Debug */ = {
			isa = XCBuildConfiguration;
			buildSettings = {
				ALWAYS_SEARCH_USER_PATHS = NO;
				ASSETCATALOG_COMPILER_GENERATE_SWIFT_ASSET_SYMBOL_EXTENSIONS = YES;
				CLANG_ANALYZER_NONNULL = YES;
				CLANG_ANALYZER_NUMBER_OBJECT_CONVERSION = YES_AGGRESSIVE;
				CLANG_CXX_LANGUAGE_STANDARD = "gnu++20";
				CLANG_ENABLE_MODULES = YES;
				CLANG_ENABLE_OBJC_ARC = YES;
				CLANG_ENABLE_OBJC_WEAK = YES;
				CLANG_WARN_BLOCK_CAPTURE_AUTORELEASING = YES;
				CLANG_WARN_BOOL_CONVERSION = YES;
				CLANG_WARN_COMMA = YES;
				CLANG_WARN_CONSTANT_CONVERSION = YES;
				CLANG_WARN_DEPRECATED_OBJC_IMPLEMENTATIONS = YES;
				CLANG_WARN_DIRECT_OBJC_ISA_USAGE = YES_ERROR;
				CLANG_WARN_DOCUMENTATION_COMMENTS = YES;
				CLANG_WARN_EMPTY_BODY = YES;
				CLANG_WARN_ENUM_CONVERSION = YES;
				CLANG_WARN_INFINITE_RECURSION = YES;
				CLANG_WARN_INT_CONVERSION = YES;
				CLANG_WARN_NON_LITERAL_NULL_CONVERSION = YES;
				CLANG_WARN_OBJC_IMPLICIT_RETAIN_SELF = YES;
				CLANG_WARN_OBJC_LITERAL_CONVERSION = YES;
				CLANG_WARN_OBJC_ROOT_CLASS = YES_ERROR;
				CLANG_WARN_QUOTED_INCLUDE_IN_FRAMEWORK_HEADER = YES;
				CLANG_WARN_RANGE_LOOP_ANALYSIS = YES;
				CLANG_WARN_STRICT_PROTOTYPES = YES;
				CLANG_WARN_SUSPICIOUS_MOVE = YES;
				CLANG_WARN_UNGUARDED_AVAILABILITY = YES_AGGRESSIVE;
				CLANG_WARN_UNREACHABLE_CODE = YES;
				CLANG_WARN__DUPLICATE_METHOD_MATCH = YES;
				COPY_PHASE_STRIP = NO;
				DEBUG_INFORMATION_FORMAT = dwarf;
				ENABLE_STRICT_OBJC_MSGSEND = YES;
				ENABLE_TESTABILITY = YES;
				ENABLE_USER_SCRIPT_SANDBOXING = YES;
				GCC_C_LANGUAGE_STANDARD = gnu17;
				GCC_DYNAMIC_NO_PIC = NO;
				GCC_NO_COMMON_BLOCKS = YES;
				GCC_OPTIMIZATION_LEVEL = 0;
				GCC_PREPROCESSOR_DEFINITIONS = (
					"DEBUG=1",
					"$(inherited)",
				);
				GCC_WARN_64_TO_32_BIT_CONVERSION = YES;
				GCC_WARN_ABOUT_RETURN_TYPE = YES_ERROR;
				GCC_WARN_UNDECLARED_SELECTOR = YES;
				GCC_WARN_UNINITIALIZED_AUTOS = YES_AGGRESSIVE;
				GCC_WARN_UNUSED_FUNCTION = YES;
				GCC_WARN_UNUSED_VARIABLE = YES;
				IPHONEOS_DEPLOYMENT_TARGET = 17.4;
				LOCALIZATION_PREFERS_STRING_CATALOGS = YES;
				MTL_ENABLE_DEBUG_INFO = INCLUDE_SOURCE;
				MTL_FAST_MATH = YES;
				ONLY_ACTIVE_ARCH = YES;
				SDKROOT = iphoneos;
				SWIFT_ACTIVE_COMPILATION_CONDITIONS = "DEBUG $(inherited)";
				SWIFT_OPTIMIZATION_LEVEL = "-Onone";
			};
			name = Debug;
		};
		1D2F23B02BC2C7040023FA2A /* Release */ = {
			isa = XCBuildConfiguration;
			buildSettings = {
				ALWAYS_SEARCH_USER_PATHS = NO;
				ASSETCATALOG_COMPILER_GENERATE_SWIFT_ASSET_SYMBOL_EXTENSIONS = YES;
				CLANG_ANALYZER_NONNULL = YES;
				CLANG_ANALYZER_NUMBER_OBJECT_CONVERSION = YES_AGGRESSIVE;
				CLANG_CXX_LANGUAGE_STANDARD = "gnu++20";
				CLANG_ENABLE_MODULES = YES;
				CLANG_ENABLE_OBJC_ARC = YES;
				CLANG_ENABLE_OBJC_WEAK = YES;
				CLANG_WARN_BLOCK_CAPTURE_AUTORELEASING = YES;
				CLANG_WARN_BOOL_CONVERSION = YES;
				CLANG_WARN_COMMA = YES;
				CLANG_WARN_CONSTANT_CONVERSION = YES;
				CLANG_WARN_DEPRECATED_OBJC_IMPLEMENTATIONS = YES;
				CLANG_WARN_DIRECT_OBJC_ISA_USAGE = YES_ERROR;
				CLANG_WARN_DOCUMENTATION_COMMENTS = YES;
				CLANG_WARN_EMPTY_BODY = YES;
				CLANG_WARN_ENUM_CONVERSION = YES;
				CLANG_WARN_INFINITE_RECURSION = YES;
				CLANG_WARN_INT_CONVERSION = YES;
				CLANG_WARN_NON_LITERAL_NULL_CONVERSION = YES;
				CLANG_WARN_OBJC_IMPLICIT_RETAIN_SELF = YES;
				CLANG_WARN_OBJC_LITERAL_CONVERSION = YES;
				CLANG_WARN_OBJC_ROOT_CLASS = YES_ERROR;
				CLANG_WARN_QUOTED_INCLUDE_IN_FRAMEWORK_HEADER = YES;
				CLANG_WARN_RANGE_LOOP_ANALYSIS = YES;
				CLANG_WARN_STRICT_PROTOTYPES = YES;
				CLANG_WARN_SUSPICIOUS_MOVE = YES;
				CLANG_WARN_UNGUARDED_AVAILABILITY = YES_AGGRESSIVE;
				CLANG_WARN_UNREACHABLE_CODE = YES;
				CLANG_WARN__DUPLICATE_METHOD_MATCH = YES;
				COPY_PHASE_STRIP = NO;
				DEBUG_INFORMATION_FORMAT = "dwarf-with-dsym";
				ENABLE_NS_ASSERTIONS = NO;
				ENABLE_STRICT_OBJC_MSGSEND = YES;
				ENABLE_USER_SCRIPT_SANDBOXING = YES;
				GCC_C_LANGUAGE_STANDARD = gnu17;
				GCC_NO_COMMON_BLOCKS = YES;
				GCC_WARN_64_TO_32_BIT_CONVERSION = YES;
				GCC_WARN_ABOUT_RETURN_TYPE = YES_ERROR;
				GCC_WARN_UNDECLARED_SELECTOR = YES;
				GCC_WARN_UNINITIALIZED_AUTOS = YES_AGGRESSIVE;
				GCC_WARN_UNUSED_FUNCTION = YES;
				GCC_WARN_UNUSED_VARIABLE = YES;
				IPHONEOS_DEPLOYMENT_TARGET = 17.4;
				LOCALIZATION_PREFERS_STRING_CATALOGS = YES;
				MTL_ENABLE_DEBUG_INFO = NO;
				MTL_FAST_MATH = YES;
				SDKROOT = iphoneos;
				SWIFT_COMPILATION_MODE = wholemodule;
				VALIDATE_PRODUCT = YES;
			};
			name = Release;
		};
		1D2F23B22BC2C7040023FA2A /* Debug */ = {
			isa = XCBuildConfiguration;
			buildSettings = {
				ASSETCATALOG_COMPILER_APPICON_NAME = AppIcon;
				ASSETCATALOG_COMPILER_GLOBAL_ACCENT_COLOR_NAME = AccentColor;
				CODE_SIGN_STYLE = Automatic;
				CURRENT_PROJECT_VERSION = 1;
				DEVELOPMENT_TEAM = W8RLJ8MS39;
				GENERATE_INFOPLIST_FILE = YES;
				INFOPLIST_FILE = StudentLedSpotify/Info.plist;
				INFOPLIST_KEY_UIApplicationSupportsIndirectInputEvents = YES;
				INFOPLIST_KEY_UILaunchStoryboardName = LaunchScreen;
				INFOPLIST_KEY_UIMainStoryboardFile = Main;
				INFOPLIST_KEY_UISupportedInterfaceOrientations_iPad = "UIInterfaceOrientationPortrait UIInterfaceOrientationPortraitUpsideDown UIInterfaceOrientationLandscapeLeft UIInterfaceOrientationLandscapeRight";
				INFOPLIST_KEY_UISupportedInterfaceOrientations_iPhone = "UIInterfaceOrientationPortrait UIInterfaceOrientationLandscapeLeft UIInterfaceOrientationLandscapeRight";
				LD_RUNPATH_SEARCH_PATHS = (
					"$(inherited)",
					"@executable_path/Frameworks",
				);
				MARKETING_VERSION = 1.0;
				PRODUCT_BUNDLE_IDENTIFIER = valehjr.StudentLedSpotify;
				PRODUCT_NAME = "$(TARGET_NAME)";
				SWIFT_EMIT_LOC_STRINGS = YES;
				SWIFT_VERSION = 5.0;
				TARGETED_DEVICE_FAMILY = "1,2";
			};
			name = Debug;
		};
		1D2F23B32BC2C7040023FA2A /* Release */ = {
			isa = XCBuildConfiguration;
			buildSettings = {
				ASSETCATALOG_COMPILER_APPICON_NAME = AppIcon;
				ASSETCATALOG_COMPILER_GLOBAL_ACCENT_COLOR_NAME = AccentColor;
				CODE_SIGN_STYLE = Automatic;
				CURRENT_PROJECT_VERSION = 1;
				DEVELOPMENT_TEAM = W8RLJ8MS39;
				GENERATE_INFOPLIST_FILE = YES;
				INFOPLIST_FILE = StudentLedSpotify/Info.plist;
				INFOPLIST_KEY_UIApplicationSupportsIndirectInputEvents = YES;
				INFOPLIST_KEY_UILaunchStoryboardName = LaunchScreen;
				INFOPLIST_KEY_UIMainStoryboardFile = Main;
				INFOPLIST_KEY_UISupportedInterfaceOrientations_iPad = "UIInterfaceOrientationPortrait UIInterfaceOrientationPortraitUpsideDown UIInterfaceOrientationLandscapeLeft UIInterfaceOrientationLandscapeRight";
				INFOPLIST_KEY_UISupportedInterfaceOrientations_iPhone = "UIInterfaceOrientationPortrait UIInterfaceOrientationLandscapeLeft UIInterfaceOrientationLandscapeRight";
				LD_RUNPATH_SEARCH_PATHS = (
					"$(inherited)",
					"@executable_path/Frameworks",
				);
				MARKETING_VERSION = 1.0;
				PRODUCT_BUNDLE_IDENTIFIER = valehjr.StudentLedSpotify;
				PRODUCT_NAME = "$(TARGET_NAME)";
				SWIFT_EMIT_LOC_STRINGS = YES;
				SWIFT_VERSION = 5.0;
				TARGETED_DEVICE_FAMILY = "1,2";
			};
			name = Release;
		};
/* End XCBuildConfiguration section */

/* Begin XCConfigurationList section */
		1D2F23982BC2C7020023FA2A /* Build configuration list for PBXProject "StudentLedSpotify" */ = {
			isa = XCConfigurationList;
			buildConfigurations = (
				1D2F23AF2BC2C7040023FA2A /* Debug */,
				1D2F23B02BC2C7040023FA2A /* Release */,
			);
			defaultConfigurationIsVisible = 0;
			defaultConfigurationName = Release;
		};
		1D2F23B12BC2C7040023FA2A /* Build configuration list for PBXNativeTarget "StudentLedSpotify" */ = {
			isa = XCConfigurationList;
			buildConfigurations = (
				1D2F23B22BC2C7040023FA2A /* Debug */,
				1D2F23B32BC2C7040023FA2A /* Release */,
			);
			defaultConfigurationIsVisible = 0;
			defaultConfigurationName = Release;
		};
/* End XCConfigurationList section */
	};
	rootObject = 1D2F23952BC2C7020023FA2A /* Project object */;
}
